
Microsoft Visual Studio Solution File, Format Version 12.00
# Visual Studio Version 16
VisualStudioVersion = 16.0.30114.105
MinimumVisualStudioVersion = 10.0.40219.1
Project("{FAE04EC0-301F-11D3-BF4B-00C04F79EFBC}") = "AreaOfCircle", "AreaOfCircle\AreaOfCircle.csproj", "{C0B4EE2A-A546-47A8-B0DC-87D69F8E1AD0}"
EndProject
Global
	GlobalSection(SolutionConfigurationPlatforms) = preSolution
		Debug|Any CPU = Debug|Any CPU
		Release|Any CPU = Release|Any CPU
	EndGlobalSection
	GlobalSection(ProjectConfigurationPlatforms) = postSolution
		{C0B4EE2A-A546-47A8-B0DC-87D69F8E1AD0}.Debug|Any CPU.ActiveCfg = Debug|Any CPU
		{C0B4EE2A-A546-47A8-B0DC-87D69F8E1AD0}.Debug|Any CPU.Build.0 = Debug|Any CPU
		{C0B4EE2A-A546-47A8-B0DC-87D69F8E1AD0}.Release|Any CPU.ActiveCfg = Release|Any CPU
		{C0B4EE2A-A546-47A8-B0DC-87D69F8E1AD0}.Release|Any CPU.Build.0 = Release|Any CPU
	EndGlobalSection
	GlobalSection(SolutionProperties) = preSolution
		HideSolutionNode = FALSE
	EndGlobalSection
	GlobalSection(ExtensibilityGlobals) = postSolution
		SolutionGuid = {6D00A0B7-2E93-4EC3-87C8-A2C44E38D55E}
	EndGlobalSection
EndGlobal
